
Microsoft Visual Studio Solution File, Format Version 12.00
# Visual Studio Version 16
VisualStudioVersion = 16.0.31321.278
MinimumVisualStudioVersion = 10.0.40219.1
Project("{FAE04EC0-301F-11D3-BF4B-00C04F79EFBC}") = "FormsReproduccion-G3-2022-I", "FormsReproduccion-G3-2022-I.csproj", "{128F867F-AFC0-4144-91E5-3BA4BA09F0B4}"
EndProject
Global
	GlobalSection(SolutionConfigurationPlatforms) = preSolution
		Debug|Any CPU = Debug|Any CPU
		Release|Any CPU = Release|Any CPU
	EndGlobalSection
	GlobalSection(ProjectConfigurationPlatforms) = postSolution
		{128F867F-AFC0-4144-91E5-3BA4BA09F0B4}.Debug|Any CPU.ActiveCfg = Debug|Any CPU
		{128F867F-AFC0-4144-91E5-3BA4BA09F0B4}.Debug|Any CPU.Build.0 = Debug|Any CPU
		{128F867F-AFC0-4144-91E5-3BA4BA09F0B4}.Release|Any CPU.ActiveCfg = Release|Any CPU
		{128F867F-AFC0-4144-91E5-3BA4BA09F0B4}.Release|Any CPU.Build.0 = Release|Any CPU
	EndGlobalSection
	GlobalSection(SolutionProperties) = preSolution
		HideSolutionNode = FALSE
	EndGlobalSection
	GlobalSection(ExtensibilityGlobals) = postSolution
		SolutionGuid = {E58310A9-04E6-4D43-ADEE-69A0D7B13F3F}
	EndGlobalSection
EndGlobal
